
Microsoft Visual Studio Solution File, Format Version 12.00
# Visual Studio Version 16
VisualStudioVersion = 16.0.29418.71
MinimumVisualStudioVersion = 10.0.40219.1
Project("{FAE04EC0-301F-11D3-BF4B-00C04F79EFBC}") = "FinPortal", "FinPortal\FinPortal.csproj", "{E8E0FBEA-5C30-440C-B10A-0F798A03692E}"
EndProject
Global
	GlobalSection(SolutionConfigurationPlatforms) = preSolution
		Debug|Any CPU = Debug|Any CPU
		Release|Any CPU = Release|Any CPU
	EndGlobalSection
	GlobalSection(ProjectConfigurationPlatforms) = postSolution
		{E8E0FBEA-5C30-440C-B10A-0F798A03692E}.Debug|Any CPU.ActiveCfg = Debug|Any CPU
		{E8E0FBEA-5C30-440C-B10A-0F798A03692E}.Debug|Any CPU.Build.0 = Debug|Any CPU
		{E8E0FBEA-5C30-440C-B10A-0F798A03692E}.Release|Any CPU.ActiveCfg = Release|Any CPU
		{E8E0FBEA-5C30-440C-B10A-0F798A03692E}.Release|Any CPU.Build.0 = Release|Any CPU
	EndGlobalSection
	GlobalSection(SolutionProperties) = preSolution
		HideSolutionNode = FALSE
	EndGlobalSection
	GlobalSection(ExtensibilityGlobals) = postSolution
		SolutionGuid = {44D90B89-A6B3-4AC5-A179-8FB11F96FFF5}
	EndGlobalSection
EndGlobal
